<?xml version="1.0" encoding="UTF-8"?>
<!DOCTYPE plist PUBLIC "-//Apple//DTD PLIST 1.0//EN" "http://www.apple.com/DTDs/PropertyList-1.0.dtd">
<plist version="1.0">
<dict>
	<key>archiveVersion</key>
	<string>1</string>
	<key>classes</key>
	<dict/>
	<key>objectVersion</key>
	<string>46</string>
	<key>objects</key>
	<dict>
		<key>49A8246F16633E06004D358E</key>
		<dict>
			<key>children</key>
			<array>
				<string>49A8248416633E07004D358E</string>
				<string>49A824A216633E07004D358E</string>
				<string>49A8247D16633E07004D358E</string>
				<string>49A8247B16633E06004D358E</string>
			</array>
			<key>isa</key>
			<string>PBXGroup</string>
			<key>sourceTree</key>
			<string>&lt;group&gt;</string>
		</dict>
		<key>49A8247116633E06004D358E</key>
		<dict>
			<key>attributes</key>
			<dict>
				<key>LastUpgradeCheck</key>
				<string>0450</string>
				<key>ORGANIZATIONNAME</key>
				<string>com.thoughtworks.liren</string>
			</dict>
			<key>buildConfigurationList</key>
			<string>49A8247416633E06004D358E</string>
			<key>compatibilityVersion</key>
			<string>Xcode 3.2</string>
			<key>developmentRegion</key>
			<string>English</string>
			<key>hasScannedForEncodings</key>
			<string>0</string>
			<key>isa</key>
			<string>PBXProject</string>
			<key>knownRegions</key>
			<array>
				<string>en</string>
			</array>
			<key>mainGroup</key>
			<string>49A8246F16633E06004D358E</string>
			<key>productRefGroup</key>
			<string>49A8247B16633E06004D358E</string>
			<key>projectDirPath</key>
			<string></string>
			<key>projectRoot</key>
			<string></string>
			<key>targets</key>
			<array>
				<string>49A8247916633E06004D358E</string>
				<string>49A8249A16633E07004D358E</string>
			</array>
		</dict>
		<key>49A8247416633E06004D358E</key>
		<dict>
			<key>buildConfigurations</key>
			<array>
				<string>49A824AB16633E07004D358E</string>
				<string>49A824AC16633E07004D358E</string>
			</array>
			<key>defaultConfigurationIsVisible</key>
			<string>0</string>
			<key>defaultConfigurationName</key>
			<string>Release</string>
			<key>isa</key>
			<string>XCConfigurationList</string>
		</dict>
		<key>49A8247616633E06004D358E</key>
		<dict>
			<key>buildActionMask</key>
			<string>2147483647</string>
			<key>files</key>
			<array>
				<string>49A8248B16633E07004D358E</string>
				<string>49A8248F16633E07004D358E</string>
			</array>
			<key>isa</key>
			<string>PBXSourcesBuildPhase</string>
			<key>runOnlyForDeploymentPostprocessing</key>
			<string>0</string>
		</dict>
		<key>49A8247716633E06004D358E</key>
		<dict>
			<key>buildActionMask</key>
			<string>2147483647</string>
			<key>files</key>
			<array>
				<string>49A8247F16633E07004D358E</string>
				<string>49A8248116633E07004D358E</string>
				<string>49A8248316633E07004D358E</string>
			</array>
			<key>isa</key>
			<string>PBXFrameworksBuildPhase</string>
			<key>runOnlyForDeploymentPostprocessing</key>
			<string>0</string>
		</dict>
		<key>49A8247816633E06004D358E</key>
		<dict>
			<key>buildActionMask</key>
			<string>2147483647</string>
			<key>files</key>
			<array>
				<string>49A8248916633E07004D358E</string>
				<string>49A8249116633E07004D358E</string>
				<string>49A8249316633E07004D358E</string>
				<string>49A8249516633E07004D358E</string>
			</array>
			<key>isa</key>
			<string>PBXResourcesBuildPhase</string>
			<key>runOnlyForDeploymentPostprocessing</key>
			<string>0</string>
		</dict>
		<key>49A8247916633E06004D358E</key>
		<dict>
			<key>buildConfigurationList</key>
			<string>49A824AD16633E07004D358E</string>
			<key>buildPhases</key>
			<array>
				<string>49A8247616633E06004D358E</string>
				<string>49A8247716633E06004D358E</string>
				<string>49A8247816633E06004D358E</string>
			</array>
			<key>buildRules</key>
			<array/>
			<key>dependencies</key>
			<array/>
			<key>isa</key>
			<string>PBXNativeTarget</string>
			<key>name</key>
			<string>Liren-ios</string>
			<key>productName</key>
			<string>Liren-ios</string>
			<key>productReference</key>
			<string>49A8247A16633E06004D358E</string>
			<key>productType</key>
			<string>com.apple.product-type.application</string>
		</dict>
		<key>49A8247A16633E06004D358E</key>
		<dict>
			<key>explicitFileType</key>
			<string>wrapper.application</string>
			<key>includeInIndex</key>
			<string>0</string>
			<key>isa</key>
			<string>PBXFileReference</string>
			<key>name</key>
			<string>Liren-ios.app</string>
			<key>path</key>
			<string>Liren-ios.app</string>
			<key>sourceTree</key>
			<string>BUILT_PRODUCTS_DIR</string>
		</dict>
		<key>49A8247B16633E06004D358E</key>
		<dict>
			<key>children</key>
			<array>
				<string>49A8247A16633E06004D358E</string>
				<string>49A8249B16633E07004D358E</string>
			</array>
			<key>isa</key>
			<string>PBXGroup</string>
			<key>name</key>
			<string>Products</string>
			<key>sourceTree</key>
			<string>&lt;group&gt;</string>
		</dict>
		<key>49A8247D16633E07004D358E</key>
		<dict>
			<key>children</key>
			<array>
				<string>49A8247E16633E07004D358E</string>
				<string>49A8248016633E07004D358E</string>
				<string>49A8248216633E07004D358E</string>
				<string>49A8249C16633E07004D358E</string>
			</array>
			<key>isa</key>
			<string>PBXGroup</string>
			<key>name</key>
			<string>Frameworks</string>
			<key>sourceTree</key>
			<string>&lt;group&gt;</string>
		</dict>
		<key>49A8247E16633E07004D358E</key>
		<dict>
			<key>isa</key>
			<string>PBXFileReference</string>
			<key>lastKnownFileType</key>
			<string>wrapper.framework</string>
			<key>name</key>
			<string>UIKit.framework</string>
			<key>path</key>
			<string>System/Library/Frameworks/UIKit.framework</string>
			<key>sourceTree</key>
			<string>SDKROOT</string>
		</dict>
		<key>49A8247F16633E07004D358E</key>
		<dict>
			<key>fileRef</key>
			<string>49A8247E16633E07004D358E</string>
			<key>isa</key>
			<string>PBXBuildFile</string>
		</dict>
		<key>49A8248016633E07004D358E</key>
		<dict>
			<key>isa</key>
			<string>PBXFileReference</string>
			<key>lastKnownFileType</key>
			<string>wrapper.framework</string>
			<key>name</key>
			<string>Foundation.framework</string>
			<key>path</key>
			<string>System/Library/Frameworks/Foundation.framework</string>
			<key>sourceTree</key>
			<string>SDKROOT</string>
		</dict>
		<key>49A8248116633E07004D358E</key>
		<dict>
			<key>fileRef</key>
			<string>49A8248016633E07004D358E</string>
			<key>isa</key>
			<string>PBXBuildFile</string>
		</dict>
		<key>49A8248216633E07004D358E</key>
		<dict>
			<key>isa</key>
			<string>PBXFileReference</string>
			<key>lastKnownFileType</key>
			<string>wrapper.framework</string>
			<key>name</key>
			<string>CoreGraphics.framework</string>
			<key>path</key>
			<string>System/Library/Frameworks/CoreGraphics.framework</string>
			<key>sourceTree</key>
			<string>SDKROOT</string>
		</dict>
		<key>49A8248316633E07004D358E</key>
		<dict>
			<key>fileRef</key>
			<string>49A8248216633E07004D358E</string>
			<key>isa</key>
			<string>PBXBuildFile</string>
		</dict>
		<key>49A8248416633E07004D358E</key>
		<dict>
			<key>children</key>
			<array>
				<string>49A8248D16633E07004D358E</string>
				<string>49A8248E16633E07004D358E</string>
				<string>49A8248516633E07004D358E</string>
			</array>
			<key>isa</key>
			<string>PBXGroup</string>
			<key>path</key>
			<string>Liren-ios</string>
			<key>sourceTree</key>
			<string>&lt;group&gt;</string>
		</dict>
		<key>49A8248516633E07004D358E</key>
		<dict>
			<key>children</key>
			<array>
				<string>49A8248616633E07004D358E</string>
				<string>49A8248716633E07004D358E</string>
				<string>49A8248A16633E07004D358E</string>
				<string>49A8248C16633E07004D358E</string>
				<string>49A8249016633E07004D358E</string>
				<string>49A8249216633E07004D358E</string>
				<string>49A8249416633E07004D358E</string>
			</array>
			<key>isa</key>
			<string>PBXGroup</string>
			<key>name</key>
			<string>Supporting Files</string>
			<key>sourceTree</key>
			<string>&lt;group&gt;</string>
		</dict>
		<key>49A8248616633E07004D358E</key>
		<dict>
			<key>isa</key>
			<string>PBXFileReference</string>
			<key>lastKnownFileType</key>
			<string>text.plist.xml</string>
			<key>path</key>
			<string>Liren-ios-Info.plist</string>
			<key>sourceTree</key>
			<string>&lt;group&gt;</string>
		</dict>
		<key>49A8248716633E07004D358E</key>
		<dict>
			<key>children</key>
			<array>
				<string>49A8248816633E07004D358E</string>
			</array>
			<key>isa</key>
			<string>PBXVariantGroup</string>
			<key>name</key>
			<string>InfoPlist.strings</string>
			<key>sourceTree</key>
			<string>&lt;group&gt;</string>
		</dict>
		<key>49A8248816633E07004D358E</key>
		<dict>
			<key>isa</key>
			<string>PBXFileReference</string>
			<key>lastKnownFileType</key>
			<string>text.plist.strings</string>
			<key>name</key>
			<string>en</string>
			<key>path</key>
			<string>en.lproj/InfoPlist.strings</string>
			<key>sourceTree</key>
			<string>&lt;group&gt;</string>
		</dict>
		<key>49A8248916633E07004D358E</key>
		<dict>
			<key>fileRef</key>
			<string>49A8248716633E07004D358E</string>
			<key>isa</key>
			<string>PBXBuildFile</string>
		</dict>
		<key>49A8248A16633E07004D358E</key>
		<dict>
			<key>isa</key>
			<string>PBXFileReference</string>
			<key>lastKnownFileType</key>
			<string>sourcecode.c.objc</string>
			<key>path</key>
			<string>main.m</string>
			<key>sourceTree</key>
			<string>&lt;group&gt;</string>
		</dict>
		<key>49A8248B16633E07004D358E</key>
		<dict>
			<key>fileRef</key>
			<string>49A8248A16633E07004D358E</string>
			<key>isa</key>
			<string>PBXBuildFile</string>
		</dict>
		<key>49A8248C16633E07004D358E</key>
		<dict>
			<key>isa</key>
			<string>PBXFileReference</string>
			<key>lastKnownFileType</key>
			<string>sourcecode.c.h</string>
			<key>path</key>
			<string>Liren-ios-Prefix.pch</string>
			<key>sourceTree</key>
			<string>&lt;group&gt;</string>
		</dict>
		<key>49A8248D16633E07004D358E</key>
		<dict>
			<key>isa</key>
			<string>PBXFileReference</string>
			<key>lastKnownFileType</key>
			<string>sourcecode.c.h</string>
			<key>path</key>
			<string>AppDelegate.h</string>
			<key>sourceTree</key>
			<string>&lt;group&gt;</string>
		</dict>
		<key>49A8248E16633E07004D358E</key>
		<dict>
			<key>isa</key>
			<string>PBXFileReference</string>
			<key>lastKnownFileType</key>
			<string>sourcecode.c.objc</string>
			<key>path</key>
			<string>AppDelegate.m</string>
			<key>sourceTree</key>
			<string>&lt;group&gt;</string>
		</dict>
		<key>49A8248F16633E07004D358E</key>
		<dict>
			<key>fileRef</key>
			<string>49A8248E16633E07004D358E</string>
			<key>isa</key>
			<string>PBXBuildFile</string>
		</dict>
		<key>49A8249016633E07004D358E</key>
		<dict>
			<key>isa</key>
			<string>PBXFileReference</string>
			<key>lastKnownFileType</key>
			<string>image.png</string>
			<key>path</key>
			<string>Default.png</string>
			<key>sourceTree</key>
			<string>&lt;group&gt;</string>
		</dict>
		<key>49A8249116633E07004D358E</key>
		<dict>
			<key>fileRef</key>
			<string>49A8249016633E07004D358E</string>
			<key>isa</key>
			<string>PBXBuildFile</string>
		</dict>
		<key>49A8249216633E07004D358E</key>
		<dict>
			<key>isa</key>
			<string>PBXFileReference</string>
			<key>lastKnownFileType</key>
			<string>image.png</string>
			<key>path</key>
			<string>Default@2x.png</string>
			<key>sourceTree</key>
			<string>&lt;group&gt;</string>
		</dict>
		<key>49A8249316633E07004D358E</key>
		<dict>
			<key>fileRef</key>
			<string>49A8249216633E07004D358E</string>
			<key>isa</key>
			<string>PBXBuildFile</string>
		</dict>
		<key>49A8249416633E07004D358E</key>
		<dict>
			<key>isa</key>
			<string>PBXFileReference</string>
			<key>lastKnownFileType</key>
			<string>image.png</string>
			<key>path</key>
			<string>Default-568h@2x.png</string>
			<key>sourceTree</key>
			<string>&lt;group&gt;</string>
		</dict>
		<key>49A8249516633E07004D358E</key>
		<dict>
			<key>fileRef</key>
			<string>49A8249416633E07004D358E</string>
			<key>isa</key>
			<string>PBXBuildFile</string>
		</dict>
		<key>49A8249616633E07004D358E</key>
		<dict>
			<key>buildActionMask</key>
			<string>2147483647</string>
			<key>files</key>
			<array>
				<string>49A824AA16633E07004D358E</string>
			</array>
			<key>isa</key>
			<string>PBXSourcesBuildPhase</string>
			<key>runOnlyForDeploymentPostprocessing</key>
			<string>0</string>
		</dict>
		<key>49A8249716633E07004D358E</key>
		<dict>
			<key>buildActionMask</key>
			<string>2147483647</string>
			<key>files</key>
			<array>
				<string>49A8249D16633E07004D358E</string>
				<string>49A8249E16633E07004D358E</string>
				<string>49A8249F16633E07004D358E</string>
			</array>
			<key>isa</key>
			<string>PBXFrameworksBuildPhase</string>
			<key>runOnlyForDeploymentPostprocessing</key>
			<string>0</string>
		</dict>
		<key>49A8249816633E07004D358E</key>
		<dict>
			<key>buildActionMask</key>
			<string>2147483647</string>
			<key>files</key>
			<array>
				<string>49A824A716633E07004D358E</string>
			</array>
			<key>isa</key>
			<string>PBXResourcesBuildPhase</string>
			<key>runOnlyForDeploymentPostprocessing</key>
			<string>0</string>
		</dict>
		<key>49A8249916633E07004D358E</key>
		<dict>
			<key>buildActionMask</key>
			<string>2147483647</string>
			<key>files</key>
			<array/>
			<key>inputPaths</key>
			<array/>
			<key>isa</key>
			<string>PBXShellScriptBuildPhase</string>
			<key>outputPaths</key>
			<array/>
			<key>runOnlyForDeploymentPostprocessing</key>
			<string>0</string>
			<key>shellPath</key>
			<string>/bin/sh</string>
			<key>shellScript</key>
			<string># Run the unit tests in this test bundle.
"${SYSTEM_DEVELOPER_DIR}/Tools/RunUnitTests"
</string>
		</dict>
		<key>49A8249A16633E07004D358E</key>
		<dict>
			<key>buildConfigurationList</key>
			<string>49A824B016633E07004D358E</string>
			<key>buildPhases</key>
			<array>
				<string>49A8249616633E07004D358E</string>
				<string>49A8249716633E07004D358E</string>
				<string>49A8249816633E07004D358E</string>
				<string>49A8249916633E07004D358E</string>
			</array>
			<key>buildRules</key>
			<array/>
			<key>dependencies</key>
			<array>
				<string>49A824A116633E07004D358E</string>
			</array>
			<key>isa</key>
			<string>PBXNativeTarget</string>
			<key>name</key>
			<string>Liren-iosTests</string>
			<key>productName</key>
			<string>Liren-iosTests</string>
			<key>productReference</key>
			<string>49A8249B16633E07004D358E</string>
			<key>productType</key>
			<string>com.apple.product-type.bundle</string>
		</dict>
		<key>49A8249B16633E07004D358E</key>
		<dict>
			<key>explicitFileType</key>
			<string>wrapper.cfbundle</string>
			<key>includeInIndex</key>
			<string>0</string>
			<key>isa</key>
			<string>PBXFileReference</string>
			<key>name</key>
			<string>Liren-iosTests.octest</string>
			<key>path</key>
			<string>Liren-iosTests.octest</string>
			<key>sourceTree</key>
			<string>BUILT_PRODUCTS_DIR</string>
		</dict>
		<key>49A8249C16633E07004D358E</key>
		<dict>
			<key>isa</key>
			<string>PBXFileReference</string>
			<key>lastKnownFileType</key>
			<string>wrapper.framework</string>
			<key>name</key>
			<string>SenTestingKit.framework</string>
			<key>path</key>
			<string>Library/Frameworks/SenTestingKit.framework</string>
			<key>sourceTree</key>
			<string>DEVELOPER_DIR</string>
		</dict>
		<key>49A8249D16633E07004D358E</key>
		<dict>
			<key>fileRef</key>
			<string>49A8249C16633E07004D358E</string>
			<key>isa</key>
			<string>PBXBuildFile</string>
		</dict>
		<key>49A8249E16633E07004D358E</key>
		<dict>
			<key>fileRef</key>
			<string>49A8247E16633E07004D358E</string>
			<key>isa</key>
			<string>PBXBuildFile</string>
		</dict>
		<key>49A8249F16633E07004D358E</key>
		<dict>
			<key>fileRef</key>
			<string>49A8248016633E07004D358E</string>
			<key>isa</key>
			<string>PBXBuildFile</string>
		</dict>
		<key>49A824A016633E07004D358E</key>
		<dict>
			<key>containerPortal</key>
			<string>49A8247116633E06004D358E</string>
			<key>isa</key>
			<string>PBXContainerItemProxy</string>
			<key>proxyType</key>
			<string>1</string>
			<key>remoteGlobalIDString</key>
			<string>49A8247916633E06004D358E</string>
			<key>remoteInfo</key>
			<string>Liren-ios</string>
		</dict>
		<key>49A824A116633E07004D358E</key>
		<dict>
			<key>isa</key>
			<string>PBXTargetDependency</string>
			<key>target</key>
			<string>49A8247916633E06004D358E</string>
			<key>targetProxy</key>
			<string>49A824A016633E07004D358E</string>
		</dict>
		<key>49A824A216633E07004D358E</key>
		<dict>
			<key>children</key>
			<array>
				<string>49A824A816633E07004D358E</string>
				<string>49A824A916633E07004D358E</string>
				<string>49A824A316633E07004D358E</string>
			</array>
			<key>isa</key>
			<string>PBXGroup</string>
			<key>path</key>
			<string>Liren-iosTests</string>
			<key>sourceTree</key>
			<string>&lt;group&gt;</string>
		</dict>
		<key>49A824A316633E07004D358E</key>
		<dict>
			<key>children</key>
			<array>
				<string>49A824A416633E07004D358E</string>
				<string>49A824A516633E07004D358E</string>
			</array>
			<key>isa</key>
			<string>PBXGroup</string>
			<key>name</key>
			<string>Supporting Files</string>
			<key>sourceTree</key>
			<string>&lt;group&gt;</string>
		</dict>
		<key>49A824A416633E07004D358E</key>
		<dict>
			<key>isa</key>
			<string>PBXFileReference</string>
			<key>lastKnownFileType</key>
			<string>text.plist.xml</string>
			<key>path</key>
			<string>Liren-iosTests-Info.plist</string>
			<key>sourceTree</key>
			<string>&lt;group&gt;</string>
		</dict>
		<key>49A824A516633E07004D358E</key>
		<dict>
			<key>children</key>
			<array>
				<string>49A824A616633E07004D358E</string>
			</array>
			<key>isa</key>
			<string>PBXVariantGroup</string>
			<key>name</key>
			<string>InfoPlist.strings</string>
			<key>sourceTree</key>
			<string>&lt;group&gt;</string>
		</dict>
		<key>49A824A616633E07004D358E</key>
		<dict>
			<key>isa</key>
			<string>PBXFileReference</string>
			<key>lastKnownFileType</key>
			<string>text.plist.strings</string>
			<key>name</key>
			<string>en</string>
			<key>path</key>
			<string>en.lproj/InfoPlist.strings</string>
			<key>sourceTree</key>
			<string>&lt;group&gt;</string>
		</dict>
		<key>49A824A716633E07004D358E</key>
		<dict>
			<key>fileRef</key>
			<string>49A824A516633E07004D358E</string>
			<key>isa</key>
			<string>PBXBuildFile</string>
		</dict>
		<key>49A824A816633E07004D358E</key>
		<dict>
			<key>isa</key>
			<string>PBXFileReference</string>
			<key>lastKnownFileType</key>
			<string>sourcecode.c.h</string>
			<key>path</key>
			<string>Liren_iosTests.h</string>
			<key>sourceTree</key>
			<string>&lt;group&gt;</string>
		</dict>
		<key>49A824A916633E07004D358E</key>
		<dict>
			<key>isa</key>
			<string>PBXFileReference</string>
			<key>lastKnownFileType</key>
			<string>sourcecode.c.objc</string>
			<key>path</key>
			<string>Liren_iosTests.m</string>
			<key>sourceTree</key>
			<string>&lt;group&gt;</string>
		</dict>
		<key>49A824AA16633E07004D358E</key>
		<dict>
			<key>fileRef</key>
			<string>49A824A916633E07004D358E</string>
			<key>isa</key>
			<string>PBXBuildFile</string>
		</dict>
		<key>49A824AB16633E07004D358E</key>
		<dict>
			<key>buildSettings</key>
			<dict>
				<key>ALWAYS_SEARCH_USER_PATHS</key>
				<string>NO</string>
				<key>CLANG_CXX_LANGUAGE_STANDARD</key>
				<string>gnu++0x</string>
				<key>CLANG_CXX_LIBRARY</key>
				<string>libc++</string>
				<key>CLANG_WARN_EMPTY_BODY</key>
				<string>YES</string>
				<key>CLANG_WARN__DUPLICATE_METHOD_MATCH</key>
				<string>YES</string>
				<key>CODE_SIGN_IDENTITY[sdk=iphoneos*]</key>
				<string>iPhone Developer</string>
				<key>COPY_PHASE_STRIP</key>
				<string>NO</string>
				<key>GCC_C_LANGUAGE_STANDARD</key>
				<string>gnu99</string>
				<key>GCC_DYNAMIC_NO_PIC</key>
				<string>NO</string>
				<key>GCC_OPTIMIZATION_LEVEL</key>
				<string>0</string>
				<key>GCC_PREPROCESSOR_DEFINITIONS</key>
				<array>
					<string>DEBUG=1</string>
					<string>$(inherited)</string>
				</array>
				<key>GCC_SYMBOLS_PRIVATE_EXTERN</key>
				<string>NO</string>
				<key>GCC_WARN_ABOUT_RETURN_TYPE</key>
				<string>YES</string>
				<key>GCC_WARN_UNINITIALIZED_AUTOS</key>
				<string>YES</string>
				<key>GCC_WARN_UNUSED_VARIABLE</key>
				<string>YES</string>
				<key>IPHONEOS_DEPLOYMENT_TARGET</key>
				<string>5.0</string>
				<key>ONLY_ACTIVE_ARCH</key>
				<string>YES</string>
				<key>SDKROOT</key>
				<string>iphoneos</string>
			</dict>
			<key>isa</key>
			<string>XCBuildConfiguration</string>
			<key>name</key>
			<string>Debug</string>
		</dict>
		<key>49A824AC16633E07004D358E</key>
		<dict>
			<key>buildSettings</key>
			<dict>
				<key>ALWAYS_SEARCH_USER_PATHS</key>
				<string>NO</string>
				<key>CLANG_CXX_LANGUAGE_STANDARD</key>
				<string>gnu++0x</string>
				<key>CLANG_CXX_LIBRARY</key>
				<string>libc++</string>
				<key>CLANG_WARN_EMPTY_BODY</key>
				<string>YES</string>
				<key>CLANG_WARN__DUPLICATE_METHOD_MATCH</key>
				<string>YES</string>
				<key>CODE_SIGN_IDENTITY[sdk=iphoneos*]</key>
				<string>iPhone Developer</string>
				<key>COPY_PHASE_STRIP</key>
				<string>YES</string>
				<key>GCC_C_LANGUAGE_STANDARD</key>
				<string>gnu99</string>
				<key>GCC_WARN_ABOUT_RETURN_TYPE</key>
				<string>YES</string>
				<key>GCC_WARN_UNINITIALIZED_AUTOS</key>
				<string>YES</string>
				<key>GCC_WARN_UNUSED_VARIABLE</key>
				<string>YES</string>
				<key>IPHONEOS_DEPLOYMENT_TARGET</key>
				<string>5.0</string>
				<key>OTHER_CFLAGS</key>
				<string>-DNS_BLOCK_ASSERTIONS=1</string>
				<key>SDKROOT</key>
				<string>iphoneos</string>
				<key>VALIDATE_PRODUCT</key>
				<string>YES</string>
			</dict>
			<key>isa</key>
			<string>XCBuildConfiguration</string>
			<key>name</key>
			<string>Release</string>
		</dict>
		<key>49A824AD16633E07004D358E</key>
		<dict>
			<key>buildConfigurations</key>
			<array>
				<string>49A824AE16633E07004D358E</string>
				<string>49A824AF16633E07004D358E</string>
			</array>
			<key>defaultConfigurationIsVisible</key>
			<string>0</string>
			<key>defaultConfigurationName</key>
			<string>Release</string>
			<key>isa</key>
			<string>XCConfigurationList</string>
		</dict>
		<key>49A824AE16633E07004D358E</key>
		<dict>
			<key>buildSettings</key>
			<dict>
				<key>GCC_PRECOMPILE_PREFIX_HEADER</key>
				<string>YES</string>
				<key>GCC_PREFIX_HEADER</key>
				<string>Liren-ios/Liren-ios-Prefix.pch</string>
				<key>INFOPLIST_FILE</key>
				<string>Liren-ios/Liren-ios-Info.plist</string>
				<key>LIBRARY_SEARCH_PATHS</key>
				<array>
					<string>$(inherited)</string>
					<string>$(FRANK_LIBRARY_SEARCH_PATHS)</string>
				</array>
				<key>OTHER_LDFLAGS</key>
				<array>
					<string>$(inherited)</string>
					<string>$(FRANK_LDFLAGS)</string>
				</array>
				<key>PRODUCT_NAME</key>
				<string>$(TARGET_NAME)</string>
				<key>WRAPPER_EXTENSION</key>
				<string>app</string>
			</dict>
			<key>isa</key>
			<string>XCBuildConfiguration</string>
			<key>name</key>
			<string>Debug</string>
		</dict>
		<key>49A824AF16633E07004D358E</key>
		<dict>
			<key>buildSettings</key>
			<dict>
				<key>GCC_PRECOMPILE_PREFIX_HEADER</key>
				<string>YES</string>
				<key>GCC_PREFIX_HEADER</key>
				<string>Liren-ios/Liren-ios-Prefix.pch</string>
				<key>INFOPLIST_FILE</key>
				<string>Liren-ios/Liren-ios-Info.plist</string>
				<key>PRODUCT_NAME</key>
				<string>$(TARGET_NAME)</string>
				<key>WRAPPER_EXTENSION</key>
				<string>app</string>
			</dict>
			<key>isa</key>
			<string>XCBuildConfiguration</string>
			<key>name</key>
			<string>Release</string>
		</dict>
		<key>49A824B016633E07004D358E</key>
		<dict>
			<key>buildConfigurations</key>
			<array>
				<string>49A824B116633E07004D358E</string>
				<string>49A824B216633E07004D358E</string>
			</array>
			<key>defaultConfigurationIsVisible</key>
			<string>0</string>
			<key>defaultConfigurationName</key>
			<string>Release</string>
			<key>isa</key>
			<string>XCConfigurationList</string>
		</dict>
		<key>49A824B116633E07004D358E</key>
		<dict>
			<key>buildSettings</key>
			<dict>
				<key>BUNDLE_LOADER</key>
				<string>$(BUILT_PRODUCTS_DIR)/Liren-ios.app/Liren-ios</string>
				<key>FRAMEWORK_SEARCH_PATHS</key>
				<array>
					<string>"$(SDKROOT)/Developer/Library/Frameworks"</string>
					<string>"$(DEVELOPER_LIBRARY_DIR)/Frameworks"</string>
				</array>
				<key>GCC_PRECOMPILE_PREFIX_HEADER</key>
				<string>YES</string>
				<key>GCC_PREFIX_HEADER</key>
				<string>Liren-ios/Liren-ios-Prefix.pch</string>
				<key>INFOPLIST_FILE</key>
				<string>Liren-iosTests/Liren-iosTests-Info.plist</string>
				<key>PRODUCT_NAME</key>
				<string>$(TARGET_NAME)</string>
				<key>TEST_HOST</key>
				<string>$(BUNDLE_LOADER)</string>
				<key>WRAPPER_EXTENSION</key>
				<string>octest</string>
			</dict>
			<key>isa</key>
			<string>XCBuildConfiguration</string>
			<key>name</key>
			<string>Debug</string>
		</dict>
		<key>49A824B216633E07004D358E</key>
		<dict>
			<key>buildSettings</key>
			<dict>
				<key>BUNDLE_LOADER</key>
				<string>$(BUILT_PRODUCTS_DIR)/Liren-ios.app/Liren-ios</string>
				<key>FRAMEWORK_SEARCH_PATHS</key>
				<array>
					<string>"$(SDKROOT)/Developer/Library/Frameworks"</string>
					<string>"$(DEVELOPER_LIBRARY_DIR)/Frameworks"</string>
				</array>
				<key>GCC_PRECOMPILE_PREFIX_HEADER</key>
				<string>YES</string>
				<key>GCC_PREFIX_HEADER</key>
				<string>Liren-ios/Liren-ios-Prefix.pch</string>
				<key>INFOPLIST_FILE</key>
				<string>Liren-iosTests/Liren-iosTests-Info.plist</string>
				<key>PRODUCT_NAME</key>
				<string>$(TARGET_NAME)</string>
				<key>TEST_HOST</key>
				<string>$(BUNDLE_LOADER)</string>
				<key>WRAPPER_EXTENSION</key>
				<string>octest</string>
			</dict>
			<key>isa</key>
			<string>XCBuildConfiguration</string>
			<key>name</key>
			<string>Release</string>
		</dict>
	</dict>
	<key>rootObject</key>
	<string>49A8247116633E06004D358E</string>
</dict>
</plist>
